
Microsoft Visual Studio Solution File, Format Version 12.00
# Visual Studio Version 16
VisualStudioVersion = 16.0.36602.28
MinimumVisualStudioVersion = 10.0.40219.1
Project("{FAE04EC0-301F-11D3-BF4B-00C04F79EFBC}") = "StrictFireAndForget", "StrictFireAndForget\StrictFireAndForget.csproj", "{CB92519C-6788-4CE0-8AE7-D5AA53B9557F}"
EndProject
Global
	GlobalSection(SolutionConfigurationPlatforms) = preSolution
		Debug|Any CPU = Debug|Any CPU
		Release|Any CPU = Release|Any CPU
	EndGlobalSection
	GlobalSection(ProjectConfigurationPlatforms) = postSolution
		{CB92519C-6788-4CE0-8AE7-D5AA53B9557F}.Debug|Any CPU.ActiveCfg = Debug|Any CPU
		{CB92519C-6788-4CE0-8AE7-D5AA53B9557F}.Debug|Any CPU.Build.0 = Debug|Any CPU
		{CB92519C-6788-4CE0-8AE7-D5AA53B9557F}.Release|Any CPU.ActiveCfg = Release|Any CPU
		{CB92519C-6788-4CE0-8AE7-D5AA53B9557F}.Release|Any CPU.Build.0 = Release|Any CPU
	EndGlobalSection
	GlobalSection(SolutionProperties) = preSolution
		HideSolutionNode = FALSE
	EndGlobalSection
	GlobalSection(ExtensibilityGlobals) = postSolution
		SolutionGuid = {C0C8487F-9804-44F7-BC83-FCAD63300177}
	EndGlobalSection
EndGlobal
